Microsoft Visual Studio Solution File, Format Version 12.00
# Visual Studio Version 17
VisualStudioVersion = 17.9.34616.47
MinimumVisualStudioVersion = 10.0.40219.1
Project("{9A19103F-16F7-4668-BE54-9A1E7A4F7556}") = "BHD.Config", "BHD.Config\BHD.Config.csproj", "{80850076-11EB-44CA-9E21-C36DB4C60BBC}"
EndProject
Project("{9A19103F-16F7-4668-BE54-9A1E7A4F7556}") = "BHD.Utils", "BHD.Common\BHD.Utils.csproj", "{18595F3B-F334-4828-B9CE-2A783DCCCC4C}"
EndProject
Project("{FAE04EC0-301F-11D3-BF4B-00C04F79EFBC}") = "BHD.Config.Tests", "BHD.Config.Tests\BHD.Config.Tests.csproj", "{4D44D884-8244-4A28-94E0-C949BF36B1FB}"
EndProject
Global
	GlobalSection(SolutionConfigurationPlatforms) = preSolution
		Debug|Any CPU = Debug|Any CPU
		Release|Any CPU = Release|Any CPU
	EndGlobalSection
	GlobalSection(ProjectConfigurationPlatforms) = postSolution
		{80850076-11EB-44CA-9E21-C36DB4C60BBC}.Debug|Any CPU.ActiveCfg = Debug|Any CPU
		{80850076-11EB-44CA-9E21-C36DB4C60BBC}.Debug|Any CPU.Build.0 = Debug|Any CPU
		{80850076-11EB-44CA-9E21-C36DB4C60BBC}.Release|Any CPU.ActiveCfg = Release|Any CPU
		{80850076-11EB-44CA-9E21-C36DB4C60BBC}.Release|Any CPU.Build.0 = Release|Any CPU
		{18595F3B-F334-4828-B9CE-2A783DCCCC4C}.Debug|Any CPU.ActiveCfg = Debug|Any CPU
		{18595F3B-F334-4828-B9CE-2A783DCCCC4C}.Debug|Any CPU.Build.0 = Debug|Any CPU
		{18595F3B-F334-4828-B9CE-2A783DCCCC4C}.Release|Any CPU.ActiveCfg = Release|Any CPU
		{18595F3B-F334-4828-B9CE-2A783DCCCC4C}.Release|Any CPU.Build.0 = Release|Any CPU
		{4D44D884-8244-4A28-94E0-C949BF36B1FB}.Debug|Any CPU.ActiveCfg = Debug|Any CPU
		{4D44D884-8244-4A28-94E0-C949BF36B1FB}.Debug|Any CPU.Build.0 = Debug|Any CPU
		{4D44D884-8244-4A28-94E0-C949BF36B1FB}.Release|Any CPU.ActiveCfg = Release|Any CPU
		{4D44D884-8244-4A28-94E0-C949BF36B1FB}.Release|Any CPU.Build.0 = Release|Any CPU
	EndGlobalSection
	GlobalSection(SolutionProperties) = preSolution
		HideSolutionNode = FALSE
	EndGlobalSection
	GlobalSection(ExtensibilityGlobals) = postSolution
		SolutionGuid = {7FF77D75-A6C6-4F43-927B-4F5B88399A29}
	EndGlobalSection
EndGlobal
